
Microsoft Visual Studio Solution File, Format Version 12.00
# Visual Studio 2012
Project("{FAE04EC0-301F-11D3-BF4B-00C04F79EFBC}") = "IDE_Lab2", "IDE_Lab2\IDE_Lab2.csproj", "{FFAE81E5-8CEE-46CE-9DCC-7CC7132BFEA6}"
EndProject
Global
	GlobalSection(SolutionConfigurationPlatforms) = preSolution
		Debug|Any CPU = Debug|Any CPU
		Release|Any CPU = Release|Any CPU
	EndGlobalSection
	GlobalSection(ProjectConfigurationPlatforms) = postSolution
		{FFAE81E5-8CEE-46CE-9DCC-7CC7132BFEA6}.Debug|Any CPU.ActiveCfg = Debug|Any CPU
		{FFAE81E5-8CEE-46CE-9DCC-7CC7132BFEA6}.Debug|Any CPU.Build.0 = Debug|Any CPU
		{FFAE81E5-8CEE-46CE-9DCC-7CC7132BFEA6}.Release|Any CPU.ActiveCfg = Release|Any CPU
		{FFAE81E5-8CEE-46CE-9DCC-7CC7132BFEA6}.Release|Any CPU.Build.0 = Release|Any CPU
	EndGlobalSection
	GlobalSection(SolutionProperties) = preSolution
		HideSolutionNode = FALSE
	EndGlobalSection
EndGlobal
